<?xml version="1.0" encoding="utf-8"?>
<Project ToolsVersion="4.0" xmlns="http://schemas.microsoft.com/developer/msbuild/2003">
  <ItemGroup>
    <Filter Include="Source Files">
      <UniqueIdentifier>{4FC737F1-C7A5-4376-A066-2A32D752A2FF}</UniqueIdentifier>
      <Extensions>cpp;c;cc;cxx;c++;cppm;ixx;def;odl;idl;hpj;bat;asm;asmx</Extensions>
    </Filter>
    <Filter Include="Header Files">
      <UniqueIdentifier>{93995380-89BD-4b04-88EB-625FBE52EBFB}</UniqueIdentifier>
      <Extensions>h;hh;hpp;hxx;h++;hm;inl;inc;ipp;xsd</Extensions>
    </Filter>
    <Filter Include="Resource Files">
      <UniqueIdentifier>{67DA6AB6-F800-4c08-8B7A-83BB121AAD01}</UniqueIdentifier>
      <Extensions>rc;ico;cur;bmp;dlg;rc2;rct;bin;rgs;gif;jpg;jpeg;jpe;resx;tiff;tif;png;wav;mfcribbon-ms</Extensions>
    </Filter>
  </ItemGroup>
  <ItemGroup>
    <ClCompile Include="Item\FocusSash.cpp">
      <Filter>Source Files</Filter>
    </ClCompile>
    <ClCompile Include="Item\ItemBase.cpp">
      <Filter>Source Files</Filter>
    </ClCompile>
    <ClCompile Include="Move\DoubleTeam.cpp">
      <Filter>Source Files</Filter>
    </ClCompile>
    <ClCompile Include="Move\Endeavor.cpp">
      <Filter>Source Files</Filter>
    </ClCompile>
    <ClCompile Include="Move\Hyper Fang.cpp">
      <Filter>Source Files</Filter>
    </ClCompile>
    <ClCompile Include="Move\HyperBeam.cpp">
      <Filter>Source Files</Filter>
    </ClCompile>
    <ClCompile Include="Move\IceBeam.cpp">
      <Filter>Source Files</Filter>
    </ClCompile>
    <ClCompile Include="Move\Move.cpp">
      <Filter>Source Files</Filter>
    </ClCompile>
    <ClCompile Include="Move\Psychic.cpp">
      <Filter>Source Files</Filter>
    </ClCompile>
    <ClCompile Include="Move\QuickAttack.cpp">
      <Filter>Source Files</Filter>
    </ClCompile>
    <ClCompile Include="Move\Thunderbolt.cpp">
      <Filter>Source Files</Filter>
    </ClCompile>
    <ClCompile Include="PocketMonster\Mewtwo.cpp">
      <Filter>Source Files</Filter>
    </ClCompile>
    <ClCompile Include="PocketMonster\Pokemon.cpp">
      <Filter>Source Files</Filter>
    </ClCompile>
    <ClCompile Include="Main.cpp">
      <Filter>Source Files</Filter>
    </ClCompile>
    <ClCompile Include="PocketMonster\Rattata.cpp">
      <Filter>Source Files</Filter>
    </ClCompile>
    <ClCompile Include="State\Battle.cpp">
      <Filter>Source Files</Filter>
    </ClCompile>
    <ClCompile Include="State\BattleOverState.cpp">
      <Filter>Source Files</Filter>
    </ClCompile>
    <ClCompile Include="State\BattleState.cpp">
      <Filter>Source Files</Filter>
    </ClCompile>
    <ClCompile Include="State\EnemyTurnState.cpp">
      <Filter>Source Files</Filter>
    </ClCompile>
    <ClCompile Include="State\PlayerTurnState.cpp">
      <Filter>Source Files</Filter>
    </ClCompile>
    <ClCompile Include="State\TurnState.cpp">
      <Filter>Source Files</Filter>
    </ClCompile>
  </ItemGroup>
  <ItemGroup>
    <ClInclude Include="Item\FocusSash.h">
      <Filter>Header Files</Filter>
    </ClInclude>
    <ClInclude Include="Item\ItemBase.h">
      <Filter>Header Files</Filter>
    </ClInclude>
    <ClInclude Include="Move\DoubleTeam.h">
      <Filter>Header Files</Filter>
    </ClInclude>
    <ClInclude Include="Move\Endeavor.h">
      <Filter>Header Files</Filter>
    </ClInclude>
    <ClInclude Include="Move\Hyper Fang.h">
      <Filter>Header Files</Filter>
    </ClInclude>
    <ClInclude Include="Move\HyperBeam.h">
      <Filter>Header Files</Filter>
    </ClInclude>
    <ClInclude Include="Move\IceBeam.h">
      <Filter>Header Files</Filter>
    </ClInclude>
    <ClInclude Include="Move\Move.h">
      <Filter>Header Files</Filter>
    </ClInclude>
    <ClInclude Include="Move\Psychic.h">
      <Filter>Header Files</Filter>
    </ClInclude>
    <ClInclude Include="Move\QuickAttack.h">
      <Filter>Header Files</Filter>
    </ClInclude>
    <ClInclude Include="Move\Thunderbolt.h">
      <Filter>Header Files</Filter>
    </ClInclude>
    <ClInclude Include="PocketMonster\Mewtwo.h">
      <Filter>Header Files</Filter>
    </ClInclude>
    <ClInclude Include="PocketMonster\Pokemon.h">
      <Filter>Header Files</Filter>
    </ClInclude>
    <ClInclude Include="PocketMonster\Rattata.h">
      <Filter>Header Files</Filter>
    </ClInclude>
    <ClInclude Include="State\Battle.h">
      <Filter>Header Files</Filter>
    </ClInclude>
    <ClInclude Include="State\BattleOverState.h">
      <Filter>Header Files</Filter>
    </ClInclude>
    <ClInclude Include="State\BattleState.h">
      <Filter>Header Files</Filter>
    </ClInclude>
    <ClInclude Include="State\EnemyTurnState.h">
      <Filter>Header Files</Filter>
    </ClInclude>
    <ClInclude Include="State\PlayerTurnState.h">
      <Filter>Header Files</Filter>
    </ClInclude>
    <ClInclude Include="State\TurnState.h">
      <Filter>Header Files</Filter>
    </ClInclude>
    <ClInclude Include="Structs\PokemonData.h">
      <Filter>Header Files</Filter>
    </ClInclude>
  </ItemGroup>
</Project>